
Microsoft Visual Studio Solution File, Format Version 12.00
Project("{FAE04EC0-301F-11D3-BF4B-00C04F79EFBC}") = "keyboards", "keyboards\keyboards.csproj", "{E1B8455A-D7AA-49C4-B0E4-FD6F3B22077F}"
EndProject
Project("{FAE04EC0-301F-11D3-BF4B-00C04F79EFBC}") = "UnitTests", "UnitTests\UnitTests.csproj", "{6E7A6890-8B4F-435A-AF24-2C9698425097}"
EndProject
Project("{2150E333-8FDC-42A3-9474-1A3956D46DE8}") = "repository", "repository", "{C8E1484E-48BC-447D-B78E-79E6B4B6BA47}"
ProjectSection(SolutionItems) = preProject
	..\README.md = ..\README.md
	..\Makefile = ..\Makefile
	..\keyboard-colors.service = ..\keyboard-colors.service
	..\VERSION = ..\VERSION
	..\.github\workflows\tests.yml = ..\.github\workflows\tests.yml
EndProjectSection
EndProject
Project("{FAE04EC0-301F-11D3-BF4B-00C04F79EFBC}") = "version", "version\version.csproj", "{47D800E0-CE45-4A54-A05D-D3A1B6B3D3A9}"
EndProject
Project("{2150E333-8FDC-42A3-9474-1A3956D46DE8}") = "debian", "debian", "{5C7934AE-7958-4871-B8EB-950824ABEDDA}"
ProjectSection(SolutionItems) = preProject
	..\debian\changelog = ..\debian\changelog
	..\debian\control = ..\debian\control
	..\debian\rules = ..\debian\rules
EndProjectSection
EndProject
Project("{FAE04EC0-301F-11D3-BF4B-00C04F79EFBC}") = "ColorPicker", "ColorPicker\ColorPicker.csproj", "{128C3F63-D332-426A-93F0-3DDBC7AB5F0B}"
EndProject
Global
	GlobalSection(SolutionConfigurationPlatforms) = preSolution
		Debug|Any CPU = Debug|Any CPU
		Release|Any CPU = Release|Any CPU
	EndGlobalSection
	GlobalSection(ProjectConfigurationPlatforms) = postSolution
		{E1B8455A-D7AA-49C4-B0E4-FD6F3B22077F}.Debug|Any CPU.ActiveCfg = Debug|Any CPU
		{E1B8455A-D7AA-49C4-B0E4-FD6F3B22077F}.Debug|Any CPU.Build.0 = Debug|Any CPU
		{E1B8455A-D7AA-49C4-B0E4-FD6F3B22077F}.Release|Any CPU.ActiveCfg = Release|Any CPU
		{E1B8455A-D7AA-49C4-B0E4-FD6F3B22077F}.Release|Any CPU.Build.0 = Release|Any CPU
		{6E7A6890-8B4F-435A-AF24-2C9698425097}.Debug|Any CPU.ActiveCfg = Debug|Any CPU
		{6E7A6890-8B4F-435A-AF24-2C9698425097}.Debug|Any CPU.Build.0 = Debug|Any CPU
		{6E7A6890-8B4F-435A-AF24-2C9698425097}.Release|Any CPU.ActiveCfg = Release|Any CPU
		{6E7A6890-8B4F-435A-AF24-2C9698425097}.Release|Any CPU.Build.0 = Release|Any CPU
		{128C3F63-D332-426A-93F0-3DDBC7AB5F0B}.Debug|Any CPU.ActiveCfg = Debug|Any CPU
		{128C3F63-D332-426A-93F0-3DDBC7AB5F0B}.Debug|Any CPU.Build.0 = Debug|Any CPU
		{128C3F63-D332-426A-93F0-3DDBC7AB5F0B}.Release|Any CPU.ActiveCfg = Release|Any CPU
		{128C3F63-D332-426A-93F0-3DDBC7AB5F0B}.Release|Any CPU.Build.0 = Release|Any CPU
		{47D800E0-CE45-4A54-A05D-D3A1B6B3D3A9}.Debug|Any CPU.ActiveCfg = Debug|Any CPU
		{47D800E0-CE45-4A54-A05D-D3A1B6B3D3A9}.Debug|Any CPU.Build.0 = Debug|Any CPU
		{47D800E0-CE45-4A54-A05D-D3A1B6B3D3A9}.Release|Any CPU.ActiveCfg = Release|Any CPU
		{47D800E0-CE45-4A54-A05D-D3A1B6B3D3A9}.Release|Any CPU.Build.0 = Release|Any CPU
	EndGlobalSection
	GlobalSection(NestedProjects) = preSolution
		{5C7934AE-7958-4871-B8EB-950824ABEDDA} = {C8E1484E-48BC-447D-B78E-79E6B4B6BA47}
	EndGlobalSection
EndGlobal
